{
  "version": 4,
  "terraform_version": "0.13.5",
  "serial": 12,
  "lineage": "af7ba115-afab-bc95-0454-e4b6734f4095",
  "outputs": {},
  "resources": [
    {
      "mode": "managed",
      "type": "azurerm_resource_group",
      "name": "lz_rg",
      "provider": "provider[\"registry.terraform.io/hashicorp/azurerm\"]",
      "instances": [
        {
          "index_key": "dev ",
          "schema_version": 0,
          "attributes": {
            "id": "/subscriptions/249a3bf8-18cc-4f88-ab0e-77e87f943d8c/resourceGroups/agp-dev-qa-rg",
            "location": "southeastasia",
            "name": "agp-dev-qa-rg",
            "tags": {
              "CreatedBy": "Terraform",
              "CustomerName": "AGP",
              "Resourcetype": "ResourceGroup"
            },
            "timeouts": null
          },
          "private": "eyJlMmJmYjczMC1lY2FhLTExZTYtOGY4OC0zNDM2M2JjN2M0YzAiOnsiY3JlYXRlIjo1NDAwMDAwMDAwMDAwLCJkZWxldGUiOjU0MDAwMDAwMDAwMDAsInJlYWQiOjMwMDAwMDAwMDAwMCwidXBkYXRlIjo1NDAwMDAwMDAwMDAwfX0="
        },
        {
          "index_key": "hub",
          "schema_version": 0,
          "attributes": {
            "id": "/subscriptions/249a3bf8-18cc-4f88-ab0e-77e87f943d8c/resourceGroups/agp-sap-rg",
            "location": "southeastasia",
            "name": "agp-sap-rg",
            "tags": {
              "CreatedBy": "Terraform",
              "CustomerName": "AGP",
              "Resourcetype": "ResourceGroup"
            },
            "timeouts": null
          },
          "private": "eyJlMmJmYjczMC1lY2FhLTExZTYtOGY4OC0zNDM2M2JjN2M0YzAiOnsiY3JlYXRlIjo1NDAwMDAwMDAwMDAwLCJkZWxldGUiOjU0MDAwMDAwMDAwMDAsInJlYWQiOjMwMDAwMDAwMDAwMCwidXBkYXRlIjo1NDAwMDAwMDAwMDAwfX0="
        },
        {
          "index_key": "lz-storage",
          "schema_version": 0,
          "attributes": {
            "id": "/subscriptions/249a3bf8-18cc-4f88-ab0e-77e87f943d8c/resourceGroups/agp-sa-rg",
            "location": "southeastasia",
            "name": "agp-sa-rg",
            "tags": {
              "CreatedBy": "Terraform",
              "CustomerName": "AGP",
              "Resourcetype": "ResourceGroup"
            },
            "timeouts": null
          },
          "private": "eyJlMmJmYjczMC1lY2FhLTExZTYtOGY4OC0zNDM2M2JjN2M0YzAiOnsiY3JlYXRlIjo1NDAwMDAwMDAwMDAwLCJkZWxldGUiOjU0MDAwMDAwMDAwMDAsInJlYWQiOjMwMDAwMDAwMDAwMCwidXBkYXRlIjo1NDAwMDAwMDAwMDAwfX0="
        },
        {
          "index_key": "lz-terraform",
          "schema_version": 0,
          "attributes": {
            "id": "/subscriptions/249a3bf8-18cc-4f88-ab0e-77e87f943d8c/resourceGroups/agp-tf-rg",
            "location": "southeastasia",
            "name": "agp-tf-rg",
            "tags": {
              "CreatedBy": "Terraform",
              "CustomerName": "AGP",
              "Resourcetype": "ResourceGroup"
            },
            "timeouts": null
          },
          "private": "eyJlMmJmYjczMC1lY2FhLTExZTYtOGY4OC0zNDM2M2JjN2M0YzAiOnsiY3JlYXRlIjo1NDAwMDAwMDAwMDAwLCJkZWxldGUiOjU0MDAwMDAwMDAwMDAsInJlYWQiOjMwMDAwMDAwMDAwMCwidXBkYXRlIjo1NDAwMDAwMDAwMDAwfX0="
        },
        {
          "index_key": "prd",
          "schema_version": 0,
          "attributes": {
            "id": "/subscriptions/249a3bf8-18cc-4f88-ab0e-77e87f943d8c/resourceGroups/agp-prd-rg",
            "location": "southeastasia",
            "name": "agp-prd-rg",
            "tags": {
              "CreatedBy": "Terraform",
              "CustomerName": "AGP",
              "Resourcetype": "ResourceGroup"
            },
            "timeouts": null
          },
          "private": "eyJlMmJmYjczMC1lY2FhLTExZTYtOGY4OC0zNDM2M2JjN2M0YzAiOnsiY3JlYXRlIjo1NDAwMDAwMDAwMDAwLCJkZWxldGUiOjU0MDAwMDAwMDAwMDAsInJlYWQiOjMwMDAwMDAwMDAwMCwidXBkYXRlIjo1NDAwMDAwMDAwMDAwfX0="
        }
      ]
    },
    {
      "mode": "managed",
      "type": "azurerm_storage_account",
      "name": "storage",
      "provider": "provider[\"registry.terraform.io/hashicorp/azurerm\"]",
      "instances": [
        {
          "index_key": "agpcgdsadev",
          "schema_version": 2,
          "attributes": {
            "access_tier": "Hot",
            "account_kind": "StorageV2",
            "account_replication_type": "LRS",
            "account_tier": "Standard",
            "allow_blob_public_access": false,
            "blob_properties": [],
            "custom_domain": [],
            "enable_https_traffic_only": true,
            "id": "/subscriptions/249a3bf8-18cc-4f88-ab0e-77e87f943d8c/resourceGroups/agp-sa-rg/providers/Microsoft.Storage/storageAccounts/agpcgdsadev",
            "identity": [],
            "is_hns_enabled": false,
            "large_file_share_enabled": null,
            "location": "southeastasia",
            "min_tls_version": "TLS1_0",
            "name": "agpcgdsadev",
            "network_rules": [
              {
                "bypass": [
                  "AzureServices"
                ],
                "default_action": "Allow",
                "ip_rules": [],
                "virtual_network_subnet_ids": []
              }
            ],
            "primary_access_key": "XZEAQyWodxKysjkH1ml4QfJpSHLIL2d7NMp4uCcmPL2oK6of3Zm3Q7PF5N+pnR8YyL6+tkWyf4b4BJPjO2cNiw==",
            "primary_blob_connection_string": "DefaultEndpointsProtocol=https;BlobEndpoint=https://agpcgdsadev.blob.core.windows.net/;AccountName=agpcgdsadev;AccountKey=XZEAQyWodxKysjkH1ml4QfJpSHLIL2d7NMp4uCcmPL2oK6of3Zm3Q7PF5N+pnR8YyL6+tkWyf4b4BJPjO2cNiw==",
            "primary_blob_endpoint": "https://agpcgdsadev.blob.core.windows.net/",
            "primary_blob_host": "agpcgdsadev.blob.core.windows.net",
            "primary_connection_string": "DefaultEndpointsProtocol=https;AccountName=agpcgdsadev;AccountKey=XZEAQyWodxKysjkH1ml4QfJpSHLIL2d7NMp4uCcmPL2oK6of3Zm3Q7PF5N+pnR8YyL6+tkWyf4b4BJPjO2cNiw==;EndpointSuffix=core.windows.net",
            "primary_dfs_endpoint": "https://agpcgdsadev.dfs.core.windows.net/",
            "primary_dfs_host": "agpcgdsadev.dfs.core.windows.net",
            "primary_file_endpoint": "https://agpcgdsadev.file.core.windows.net/",
            "primary_file_host": "agpcgdsadev.file.core.windows.net",
            "primary_location": "southeastasia",
            "primary_queue_endpoint": "https://agpcgdsadev.queue.core.windows.net/",
            "primary_queue_host": "agpcgdsadev.queue.core.windows.net",
            "primary_table_endpoint": "https://agpcgdsadev.table.core.windows.net/",
            "primary_table_host": "agpcgdsadev.table.core.windows.net",
            "primary_web_endpoint": "https://agpcgdsadev.z23.web.core.windows.net/",
            "primary_web_host": "agpcgdsadev.z23.web.core.windows.net",
            "queue_properties": [
              {
                "cors_rule": [],
                "hour_metrics": [
                  {
                    "enabled": true,
                    "include_apis": true,
                    "retention_policy_days": 7,
                    "version": "1.0"
                  }
                ],
                "logging": [
                  {
                    "delete": false,
                    "read": false,
                    "retention_policy_days": 0,
                    "version": "1.0",
                    "write": false
                  }
                ],
                "minute_metrics": [
                  {
                    "enabled": false,
                    "include_apis": false,
                    "retention_policy_days": 0,
                    "version": "1.0"
                  }
                ]
              }
            ],
            "resource_group_name": "agp-sa-rg",
            "secondary_access_key": "C9OHsoS70mONCxDSRG5gGozA6HLQEvFUIV3l1F0+6+N/NX4twjKYNTGOrBvO3QZ4PNb5bZBAnWFYGFVivlhBgg==",
            "secondary_blob_connection_string": "",
            "secondary_blob_endpoint": null,
            "secondary_blob_host": null,
            "secondary_connection_string": "DefaultEndpointsProtocol=https;AccountName=agpcgdsadev;AccountKey=C9OHsoS70mONCxDSRG5gGozA6HLQEvFUIV3l1F0+6+N/NX4twjKYNTGOrBvO3QZ4PNb5bZBAnWFYGFVivlhBgg==;EndpointSuffix=core.windows.net",
            "secondary_dfs_endpoint": null,
            "secondary_dfs_host": null,
            "secondary_file_endpoint": null,
            "secondary_file_host": null,
            "secondary_location": "",
            "secondary_queue_endpoint": null,
            "secondary_queue_host": null,
            "secondary_table_endpoint": null,
            "secondary_table_host": null,
            "secondary_web_endpoint": null,
            "secondary_web_host": null,
            "static_website": [],
            "tags": null,
            "timeouts": null
          },
          "private": "eyJlMmJmYjczMC1lY2FhLTExZTYtOGY4OC0zNDM2M2JjN2M0YzAiOnsiY3JlYXRlIjozNjAwMDAwMDAwMDAwLCJkZWxldGUiOjM2MDAwMDAwMDAwMDAsInJlYWQiOjMwMDAwMDAwMDAwMCwidXBkYXRlIjozNjAwMDAwMDAwMDAwfSwic2NoZW1hX3ZlcnNpb24iOiIyIn0=",
          "dependencies": [
            "azurerm_resource_group.lz_rg"
          ]
        },
        {
          "index_key": "tfstorageaccdev",
          "schema_version": 2,
          "attributes": {
            "access_tier": "Hot",
            "account_kind": "StorageV2",
            "account_replication_type": "LRS",
            "account_tier": "Standard",
            "allow_blob_public_access": false,
            "blob_properties": [],
            "custom_domain": [],
            "enable_https_traffic_only": true,
            "id": "/subscriptions/249a3bf8-18cc-4f88-ab0e-77e87f943d8c/resourceGroups/agp-tf-rg/providers/Microsoft.Storage/storageAccounts/tfstorageaccdev",
            "identity": [],
            "is_hns_enabled": false,
            "large_file_share_enabled": null,
            "location": "southeastasia",
            "min_tls_version": "TLS1_0",
            "name": "tfstorageaccdev",
            "network_rules": [
              {
                "bypass": [
                  "AzureServices"
                ],
                "default_action": "Allow",
                "ip_rules": [],
                "virtual_network_subnet_ids": []
              }
            ],
            "primary_access_key": "YH08/Fpu5CZY098OxnSDP5EqlDy2VYU3JlX6n0/wuZs8ELXCJYQjyw0I3yR0A6afMszU+CTGNyYdM807GGk5PQ==",
            "primary_blob_connection_string": "DefaultEndpointsProtocol=https;BlobEndpoint=https://tfstorageaccdev.blob.core.windows.net/;AccountName=tfstorageaccdev;AccountKey=YH08/Fpu5CZY098OxnSDP5EqlDy2VYU3JlX6n0/wuZs8ELXCJYQjyw0I3yR0A6afMszU+CTGNyYdM807GGk5PQ==",
            "primary_blob_endpoint": "https://tfstorageaccdev.blob.core.windows.net/",
            "primary_blob_host": "tfstorageaccdev.blob.core.windows.net",
            "primary_connection_string": "DefaultEndpointsProtocol=https;AccountName=tfstorageaccdev;AccountKey=YH08/Fpu5CZY098OxnSDP5EqlDy2VYU3JlX6n0/wuZs8ELXCJYQjyw0I3yR0A6afMszU+CTGNyYdM807GGk5PQ==;EndpointSuffix=core.windows.net",
            "primary_dfs_endpoint": "https://tfstorageaccdev.dfs.core.windows.net/",
            "primary_dfs_host": "tfstorageaccdev.dfs.core.windows.net",
            "primary_file_endpoint": "https://tfstorageaccdev.file.core.windows.net/",
            "primary_file_host": "tfstorageaccdev.file.core.windows.net",
            "primary_location": "southeastasia",
            "primary_queue_endpoint": "https://tfstorageaccdev.queue.core.windows.net/",
            "primary_queue_host": "tfstorageaccdev.queue.core.windows.net",
            "primary_table_endpoint": "https://tfstorageaccdev.table.core.windows.net/",
            "primary_table_host": "tfstorageaccdev.table.core.windows.net",
            "primary_web_endpoint": "https://tfstorageaccdev.z23.web.core.windows.net/",
            "primary_web_host": "tfstorageaccdev.z23.web.core.windows.net",
            "queue_properties": [
              {
                "cors_rule": [],
                "hour_metrics": [
                  {
                    "enabled": true,
                    "include_apis": true,
                    "retention_policy_days": 7,
                    "version": "1.0"
                  }
                ],
                "logging": [
                  {
                    "delete": false,
                    "read": false,
                    "retention_policy_days": 0,
                    "version": "1.0",
                    "write": false
                  }
                ],
                "minute_metrics": [
                  {
                    "enabled": false,
                    "include_apis": false,
                    "retention_policy_days": 0,
                    "version": "1.0"
                  }
                ]
              }
            ],
            "resource_group_name": "agp-tf-rg",
            "secondary_access_key": "+9vYz8KT+8WjinU8JVOGGm9E+sU5SF1XeUQYp45M+Ih6e0Mu4/XOuElar3D6JXfZOrOh6NGOVERxvUHoazKMUA==",
            "secondary_blob_connection_string": "",
            "secondary_blob_endpoint": null,
            "secondary_blob_host": null,
            "secondary_connection_string": "DefaultEndpointsProtocol=https;AccountName=tfstorageaccdev;AccountKey=+9vYz8KT+8WjinU8JVOGGm9E+sU5SF1XeUQYp45M+Ih6e0Mu4/XOuElar3D6JXfZOrOh6NGOVERxvUHoazKMUA==;EndpointSuffix=core.windows.net",
            "secondary_dfs_endpoint": null,
            "secondary_dfs_host": null,
            "secondary_file_endpoint": null,
            "secondary_file_host": null,
            "secondary_location": "",
            "secondary_queue_endpoint": null,
            "secondary_queue_host": null,
            "secondary_table_endpoint": null,
            "secondary_table_host": null,
            "secondary_web_endpoint": null,
            "secondary_web_host": null,
            "static_website": [],
            "tags": null,
            "timeouts": null
          },
          "private": "eyJlMmJmYjczMC1lY2FhLTExZTYtOGY4OC0zNDM2M2JjN2M0YzAiOnsiY3JlYXRlIjozNjAwMDAwMDAwMDAwLCJkZWxldGUiOjM2MDAwMDAwMDAwMDAsInJlYWQiOjMwMDAwMDAwMDAwMCwidXBkYXRlIjozNjAwMDAwMDAwMDAwfSwic2NoZW1hX3ZlcnNpb24iOiIyIn0=",
          "dependencies": [
            "azurerm_resource_group.lz_rg"
          ]
        }
      ]
    },
    {
      "mode": "managed",
      "type": "azurerm_storage_container",
      "name": "example",
      "provider": "provider[\"registry.terraform.io/hashicorp/azurerm\"]",
      "instances": [
        {
          "index_key": "agpcgdsadev",
          "schema_version": 1,
          "attributes": {
            "container_access_type": "private",
            "has_immutability_policy": false,
            "has_legal_hold": false,
            "id": "https://agpcgdsadev.blob.core.windows.net/agpcgdcont",
            "metadata": {},
            "name": "agpcgdcont",
            "resource_manager_id": "/subscriptions/249a3bf8-18cc-4f88-ab0e-77e87f943d8c/resourceGroups/agp-sa-rg/providers/Microsoft.Storage/storageAccounts/agpcgdsadev/blobServices/default/containers/agpcgdcont",
            "storage_account_name": "agpcgdsadev",
            "timeouts": null
          },
          "private": "eyJlMmJmYjczMC1lY2FhLTExZTYtOGY4OC0zNDM2M2JjN2M0YzAiOnsiY3JlYXRlIjoxODAwMDAwMDAwMDAwLCJkZWxldGUiOjE4MDAwMDAwMDAwMDAsInJlYWQiOjMwMDAwMDAwMDAwMCwidXBkYXRlIjoxODAwMDAwMDAwMDAwfSwic2NoZW1hX3ZlcnNpb24iOiIxIn0=",
          "dependencies": [
            "azurerm_resource_group.lz_rg",
            "azurerm_storage_account.storage"
          ]
        },
        {
          "index_key": "tfstorageaccdev",
          "schema_version": 1,
          "attributes": {
            "container_access_type": "private",
            "has_immutability_policy": false,
            "has_legal_hold": false,
            "id": "https://tfstorageaccdev.blob.core.windows.net/tstate-dev-cont",
            "metadata": {},
            "name": "tstate-dev-cont",
            "resource_manager_id": "/subscriptions/249a3bf8-18cc-4f88-ab0e-77e87f943d8c/resourceGroups/agp-tf-rg/providers/Microsoft.Storage/storageAccounts/tfstorageaccdev/blobServices/default/containers/tstate-dev-cont",
            "storage_account_name": "tfstorageaccdev",
            "timeouts": null
          },
          "private": "eyJlMmJmYjczMC1lY2FhLTExZTYtOGY4OC0zNDM2M2JjN2M0YzAiOnsiY3JlYXRlIjoxODAwMDAwMDAwMDAwLCJkZWxldGUiOjE4MDAwMDAwMDAwMDAsInJlYWQiOjMwMDAwMDAwMDAwMCwidXBkYXRlIjoxODAwMDAwMDAwMDAwfSwic2NoZW1hX3ZlcnNpb24iOiIxIn0=",
          "dependencies": [
            "azurerm_resource_group.lz_rg",
            "azurerm_storage_account.storage"
          ]
        }
      ]
    }
  ]
}
